
Microsoft Visual Studio Solution File, Format Version 12.00
# Visual Studio 14
VisualStudioVersion = 14.0.25123.0
MinimumVisualStudioVersion = 10.0.40219.1
Project("{FAE04EC0-301F-11D3-BF4B-00C04F79EFBC}") = "Capture", "Capture\Capture.csproj", "{FD174405-B867-4BAE-A40E-050ED5103828}"
EndProject
Project("{6141683F-8A12-4E36-9623-2EB02B2C2303}") = "ToolOfMarveliu", "ToolOfMarveliu\ToolOfMarveliu.isproj", "{6444AF43-A93E-4B30-A618-2A0FD1D441DD}"
EndProject
Global
	GlobalSection(SolutionConfigurationPlatforms) = preSolution
		CD_ROM|Any CPU = CD_ROM|Any CPU
		Debug|Any CPU = Debug|Any CPU
		DVD-5|Any CPU = DVD-5|Any CPU
		Release|Any CPU = Release|Any CPU
		SingleImage|Any CPU = SingleImage|Any CPU
	EndGlobalSection
	GlobalSection(ProjectConfigurationPlatforms) = postSolution
		{FD174405-B867-4BAE-A40E-050ED5103828}.CD_ROM|Any CPU.ActiveCfg = Release|Any CPU
		{FD174405-B867-4BAE-A40E-050ED5103828}.CD_ROM|Any CPU.Build.0 = Release|Any CPU
		{FD174405-B867-4BAE-A40E-050ED5103828}.Debug|Any CPU.ActiveCfg = Debug|Any CPU
		{FD174405-B867-4BAE-A40E-050ED5103828}.Debug|Any CPU.Build.0 = Debug|Any CPU
		{FD174405-B867-4BAE-A40E-050ED5103828}.DVD-5|Any CPU.ActiveCfg = Debug|Any CPU
		{FD174405-B867-4BAE-A40E-050ED5103828}.DVD-5|Any CPU.Build.0 = Debug|Any CPU
		{FD174405-B867-4BAE-A40E-050ED5103828}.Release|Any CPU.ActiveCfg = Release|Any CPU
		{FD174405-B867-4BAE-A40E-050ED5103828}.Release|Any CPU.Build.0 = Release|Any CPU
		{FD174405-B867-4BAE-A40E-050ED5103828}.SingleImage|Any CPU.ActiveCfg = Release|Any CPU
		{FD174405-B867-4BAE-A40E-050ED5103828}.SingleImage|Any CPU.Build.0 = Release|Any CPU
		{6444AF43-A93E-4B30-A618-2A0FD1D441DD}.CD_ROM|Any CPU.ActiveCfg = CD_ROM
		{6444AF43-A93E-4B30-A618-2A0FD1D441DD}.CD_ROM|Any CPU.Build.0 = CD_ROM
		{6444AF43-A93E-4B30-A618-2A0FD1D441DD}.Debug|Any CPU.ActiveCfg = DVD-5
		{6444AF43-A93E-4B30-A618-2A0FD1D441DD}.Debug|Any CPU.Build.0 = DVD-5
		{6444AF43-A93E-4B30-A618-2A0FD1D441DD}.DVD-5|Any CPU.ActiveCfg = DVD-5
		{6444AF43-A93E-4B30-A618-2A0FD1D441DD}.DVD-5|Any CPU.Build.0 = DVD-5
		{6444AF43-A93E-4B30-A618-2A0FD1D441DD}.Release|Any CPU.ActiveCfg = SingleImage
		{6444AF43-A93E-4B30-A618-2A0FD1D441DD}.Release|Any CPU.Build.0 = SingleImage
		{6444AF43-A93E-4B30-A618-2A0FD1D441DD}.SingleImage|Any CPU.ActiveCfg = SingleImage
		{6444AF43-A93E-4B30-A618-2A0FD1D441DD}.SingleImage|Any CPU.Build.0 = SingleImage
	EndGlobalSection
	GlobalSection(SolutionProperties) = preSolution
		HideSolutionNode = FALSE
	EndGlobalSection
EndGlobal
